
Microsoft Visual Studio Solution File, Format Version 12.00
# Visual Studio Version 17
VisualStudioVersion = 17.5.002.0
MinimumVisualStudioVersion = 10.0.40219.1
Project("{9A19103F-16F7-4668-BE54-9A1E7A4F7556}") = "Assignment.Contracts", "Assignment.Contracts.csproj", "{F7267C84-7E67-42EF-A9D1-D86BF68039FE}"
EndProject
Global
	GlobalSection(SolutionConfigurationPlatforms) = preSolution
		Debug|Any CPU = Debug|Any CPU
		Release|Any CPU = Release|Any CPU
	EndGlobalSection
	GlobalSection(ProjectConfigurationPlatforms) = postSolution
		{F7267C84-7E67-42EF-A9D1-D86BF68039FE}.Debug|Any CPU.ActiveCfg = Debug|Any CPU
		{F7267C84-7E67-42EF-A9D1-D86BF68039FE}.Debug|Any CPU.Build.0 = Debug|Any CPU
		{F7267C84-7E67-42EF-A9D1-D86BF68039FE}.Release|Any CPU.ActiveCfg = Release|Any CPU
		{F7267C84-7E67-42EF-A9D1-D86BF68039FE}.Release|Any CPU.Build.0 = Release|Any CPU
	EndGlobalSection
	GlobalSection(SolutionProperties) = preSolution
		HideSolutionNode = FALSE
	EndGlobalSection
	GlobalSection(ExtensibilityGlobals) = postSolution
		SolutionGuid = {840C2C0C-0E1C-4672-B0C0-17BCADC94003}
	EndGlobalSection
EndGlobal
